
Microsoft Visual Studio Solution File, Format Version 12.00
# Visual Studio Version 17
VisualStudioVersion = 17.1.32328.378
MinimumVisualStudioVersion = 10.0.40219.1
Project("{FAE04EC0-301F-11D3-BF4B-00C04F79EFBC}") = "LoadImage", "LoadImage.csproj", "{FC6E5D45-BEAF-435F-ABC5-D8BCB6641E02}"
EndProject
Global
	GlobalSection(SolutionConfigurationPlatforms) = preSolution
		Debug|Any CPU = Debug|Any CPU
		Release|Any CPU = Release|Any CPU
	EndGlobalSection
	GlobalSection(ProjectConfigurationPlatforms) = postSolution
		{FC6E5D45-BEAF-435F-ABC5-D8BCB6641E02}.Debug|Any CPU.ActiveCfg = Debug|Any CPU
		{FC6E5D45-BEAF-435F-ABC5-D8BCB6641E02}.Debug|Any CPU.Build.0 = Debug|Any CPU
		{FC6E5D45-BEAF-435F-ABC5-D8BCB6641E02}.Release|Any CPU.ActiveCfg = Release|Any CPU
		{FC6E5D45-BEAF-435F-ABC5-D8BCB6641E02}.Release|Any CPU.Build.0 = Release|Any CPU
	EndGlobalSection
	GlobalSection(SolutionProperties) = preSolution
		HideSolutionNode = FALSE
	EndGlobalSection
	GlobalSection(ExtensibilityGlobals) = postSolution
		SolutionGuid = {CF9DE1AB-9845-48D7-A185-1446767E9BBE}
	EndGlobalSection
EndGlobal
